// !$*UTF8*$!
{
	archiveVersion = 1;
	classes = {
	};
	objectVersion = 77;
	objects = {

/* Begin PBXContainerItemProxy section */
		7A1D7E2A2E39BFC300559003 /* PBXContainerItemProxy */ = {
			isa = PBXContainerItemProxy;
			containerPortal = 7A1D7E112E39BFC200559003 /* Project object */;
			proxyType = 1;
			remoteGlobalIDString = 7A1D7E182E39BFC200559003;
			remoteInfo = DailySpender;
		};
		7A1D7E342E39BFC300559003 /* PBXContainerItemProxy */ = {
			isa = PBXContainerItemProxy;
			containerPortal = 7A1D7E112E39BFC200559003 /* Project object */;
			proxyType = 1;
			remoteGlobalIDString = 7A1D7E182E39BFC200559003;
			remoteInfo = DailySpender;
		};
/* End PBXContainerItemProxy section */

/* Begin PBXFileReference section */
		7A1D7E192E39BFC200559003 /* DailySpender.app */ = {isa = PBXFileReference; explicitFileType = wrapper.application; includeInIndex = 0; path = DailySpender.app; sourceTree = BUILT_PRODUCTS_DIR; };
		7A1D7E292E39BFC300559003 /* DailySpenderTests.xctest */ = {isa = PBXFileReference; explicitFileType = wrapper.cfbundle; includeInIndex = 0; path = DailySpenderTests.xctest; sourceTree = BUILT_PRODUCTS_DIR; };
		7A1D7E332E39BFC300559003 /* DailySpenderUITests.xctest */ = {isa = PBXFileReference; explicitFileType = wrapper.cfbundle; includeInIndex = 0; path = DailySpenderUITests.xctest; sourceTree = BUILT_PRODUCTS_DIR; };
/* End PBXFileReference section */

/* Begin PBXFileSystemSynchronizedRootGroup section */
		7A1D7E1B2E39BFC200559003 /* DailySpender */ = {
			isa = PBXFileSystemSynchronizedRootGroup;
			path = DailySpender;
			sourceTree = "<group>";
		};
		7A1D7E2C2E39BFC300559003 /* DailySpenderTests */ = {
			isa = PBXFileSystemSynchronizedRootGroup;
			path = DailySpenderTests;
			sourceTree = "<group>";
		};
		7A1D7E362E39BFC300559003 /* DailySpenderUITests */ = {
			isa = PBXFileSystemSynchronizedRootGroup;
			path = DailySpenderUITests;
			sourceTree = "<group>";
		};
/* End PBXFileSystemSynchronizedRootGroup section */

/* Begin PBXFrameworksBuildPhase section */
		7A1D7E162E39BFC200559003 /* Frameworks */ = {
			isa = PBXFrameworksBuildPhase;
			buildActionMask = 2147483647;
			files = (
			);
			runOnlyForDeploymentPostprocessing = 0;
		};
		7A1D7E262E39BFC300559003 /* Frameworks */ = {
			isa = PBXFrameworksBuildPhase;
			buildActionMask = 2147483647;
			files = (
			);
			runOnlyForDeploymentPostprocessing = 0;
		};
		7A1D7E302E39BFC300559003 /* Frameworks */ = {
			isa = PBXFrameworksBuildPhase;
			buildActionMask = 2147483647;
			files = (
			);
			runOnlyForDeploymentPostprocessing = 0;
		};
/* End PBXFrameworksBuildPhase section */

/* Begin PBXGroup section */
		7A1D7E102E39BFC200559003 = {
			isa = PBXGroup;
			children = (
				7A1D7E1B2E39BFC200559003 /* DailySpender */,
				7A1D7E2C2E39BFC300559003 /* DailySpenderTests */,
				7A1D7E362E39BFC300559003 /* DailySpenderUITests */,
				7A1D7E1A2E39BFC200559003 /* Products */,
			);
			sourceTree = "<group>";
		};
		7A1D7E1A2E39BFC200559003 /* Products */ = {
			isa = PBXGroup;
			children = (
				7A1D7E192E39BFC200559003 /* DailySpender.app */,
				7A1D7E292E39BFC300559003 /* DailySpenderTests.xctest */,
				7A1D7E332E39BFC300559003 /* DailySpenderUITests.xctest */,
			);
			name = Products;
			sourceTree = "<group>";
		};
/* End PBXGroup section */

/* Begin PBXNativeTarget section */
		7A1D7E182E39BFC200559003 /* DailySpender */ = {
			isa = PBXNativeTarget;
			buildConfigurationList = 7A1D7E3D2E39BFC300559003 /* Build configuration list for PBXNativeTarget "DailySpender" */;
			buildPhases = (
				7A1D7E152E39BFC200559003 /* Sources */,
				7A1D7E162E39BFC200559003 /* Frameworks */,
				7A1D7E172E39BFC200559003 /* Resources */,
			);
			buildRules = (
			);
			dependencies = (
			);
			fileSystemSynchronizedGroups = (
				7A1D7E1B2E39BFC200559003 /* DailySpender */,
			);
			name = DailySpender;
			packageProductDependencies = (
			);
			productName = DailySpender;
			productReference = 7A1D7E192E39BFC200559003 /* DailySpender.app */;
			productType = "com.apple.product-type.application";
		};
		7A1D7E282E39BFC300559003 /* DailySpenderTests */ = {
			isa = PBXNativeTarget;
			buildConfigurationList = 7A1D7E402E39BFC300559003 /* Build configuration list for PBXNativeTarget "DailySpenderTests" */;
			buildPhases = (
				7A1D7E252E39BFC300559003 /* Sources */,
				7A1D7E262E39BFC300559003 /* Frameworks */,
				7A1D7E272E39BFC300559003 /* Resources */,
			);
			buildRules = (
			);
			dependencies = (
				7A1D7E2B2E39BFC300559003 /* PBXTargetDependency */,
			);
			fileSystemSynchronizedGroups = (
				7A1D7E2C2E39BFC300559003 /* DailySpenderTests */,
			);
			name = DailySpenderTests;
			packageProductDependencies = (
			);
			productName = DailySpenderTests;
			productReference = 7A1D7E292E39BFC300559003 /* DailySpenderTests.xctest */;
			productType = "com.apple.product-type.bundle.unit-test";
		};
		7A1D7E322E39BFC300559003 /* DailySpenderUITests */ = {
			isa = PBXNativeTarget;
			buildConfigurationList = 7A1D7E432E39BFC300559003 /* Build configuration list for PBXNativeTarget "DailySpenderUITests" */;
			buildPhases = (
				7A1D7E2F2E39BFC300559003 /* Sources */,
				7A1D7E302E39BFC300559003 /* Frameworks */,
				7A1D7E312E39BFC300559003 /* Resources */,
			);
			buildRules = (
			);
			dependencies = (
				7A1D7E352E39BFC300559003 /* PBXTargetDependency */,
			);
			fileSystemSynchronizedGroups = (
				7A1D7E362E39BFC300559003 /* DailySpenderUITests */,
			);
			name = DailySpenderUITests;
			packageProductDependencies = (
			);
			productName = DailySpenderUITests;
			productReference = 7A1D7E332E39BFC300559003 /* DailySpenderUITests.xctest */;
			productType = "com.apple.product-type.bundle.ui-testing";
		};
/* End PBXNativeTarget section */

/* Begin PBXProject section */
		7A1D7E112E39BFC200559003 /* Project object */ = {
			isa = PBXProject;
			attributes = {
				BuildIndependentTargetsInParallel = 1;
				LastSwiftUpdateCheck = 1600;
				LastUpgradeCheck = 1600;
				TargetAttributes = {
					7A1D7E182E39BFC200559003 = {
						CreatedOnToolsVersion = 16.0;
					};
					7A1D7E282E39BFC300559003 = {
						CreatedOnToolsVersion = 16.0;
						TestTargetID = 7A1D7E182E39BFC200559003;
					};
					7A1D7E322E39BFC300559003 = {
						CreatedOnToolsVersion = 16.0;
						TestTargetID = 7A1D7E182E39BFC200559003;
					};
				};
			};
			buildConfigurationList = 7A1D7E142E39BFC200559003 /* Build configuration list for PBXProject "DailySpender" */;
			developmentRegion = en;
			hasScannedForEncodings = 0;
			knownRegions = (
				en,
				Base,
			);
			mainGroup = 7A1D7E102E39BFC200559003;
			minimizedProjectReferenceProxies = 1;
			preferredProjectObjectVersion = 77;
			productRefGroup = 7A1D7E1A2E39BFC200559003 /* Products */;
			projectDirPath = "";
			projectRoot = "";
			targets = (
				7A1D7E182E39BFC200559003 /* DailySpender */,
				7A1D7E282E39BFC300559003 /* DailySpenderTests */,
				7A1D7E322E39BFC300559003 /* DailySpenderUITests */,
			);
		};
/* End PBXProject section */

/* Begin PBXResourcesBuildPhase section */
		7A1D7E172E39BFC200559003 /* Resources */ = {
			isa = PBXResourcesBuildPhase;
			buildActionMask = 2147483647;
			files = (
			);
			runOnlyForDeploymentPostprocessing = 0;
		};
		7A1D7E272E39BFC300559003 /* Resources */ = {
			isa = PBXResourcesBuildPhase;
			buildActionMask = 2147483647;
			files = (
			);
			runOnlyForDeploymentPostprocessing = 0;
		};
		7A1D7E312E39BFC300559003 /* Resources */ = {
			isa = PBXResourcesBuildPhase;
			buildActionMask = 2147483647;
			files = (
			);
			runOnlyForDeploymentPostprocessing = 0;
		};
/* End PBXResourcesBuildPhase section */

/* Begin PBXSourcesBuildPhase section */
		7A1D7E152E39BFC200559003 /* Sources */ = {
			isa = PBXSourcesBuildPhase;
			buildActionMask = 2147483647;
			files = (
			);
			runOnlyForDeploymentPostprocessing = 0;
		};
		7A1D7E252E39BFC300559003 /* Sources */ = {
			isa = PBXSourcesBuildPhase;
			buildActionMask = 2147483647;
			files = (
			);
			runOnlyForDeploymentPostprocessing = 0;
		};
		7A1D7E2F2E39BFC300559003 /* Sources */ = {
			isa = PBXSourcesBuildPhase;
			buildActionMask = 2147483647;
			files = (
			);
			runOnlyForDeploymentPostprocessing = 0;
		};
/* End PBXSourcesBuildPhase section */

/* Begin PBXTargetDependency section */
		7A1D7E2B2E39BFC300559003 /* PBXTargetDependency */ = {
			isa = PBXTargetDependency;
			target = 7A1D7E182E39BFC200559003 /* DailySpender */;
			targetProxy = 7A1D7E2A2E39BFC300559003 /* PBXContainerItemProxy */;
		};
		7A1D7E352E39BFC300559003 /* PBXTargetDependency */ = {
			isa = PBXTargetDependency;
			target = 7A1D7E182E39BFC200559003 /* DailySpender */;
			targetProxy = 7A1D7E342E39BFC300559003 /* PBXContainerItemProxy */;
		};
/* End PBXTargetDependency section */

/* Begin XCBuildConfiguration section */
		7A1D7E3B2E39BFC300559003 /* Debug */ = {
			isa = XCBuildConfiguration;
			buildSettings = {
				ALWAYS_SEARCH_USER_PATHS = NO;
				ASSETCATALOG_COMPILER_GENERATE_SWIFT_ASSET_SYMBOL_EXTENSIONS = YES;
				CLANG_ANALYZER_NONNULL = YES;
				CLANG_ANALYZER_NUMBER_OBJECT_CONVERSION = YES_AGGRESSIVE;
				CLANG_CXX_LANGUAGE_STANDARD = "gnu++20";
				CLANG_ENABLE_MODULES = YES;
				CLANG_ENABLE_OBJC_ARC = YES;
				CLANG_ENABLE_OBJC_WEAK = YES;
				CLANG_WARN_BLOCK_CAPTURE_AUTORELEASING = YES;
				CLANG_WARN_BOOL_CONVERSION = YES;
				CLANG_WARN_COMMA = YES;
				CLANG_WARN_CONSTANT_CONVERSION = YES;
				CLANG_WARN_DEPRECATED_OBJC_IMPLEMENTATIONS = YES;
				CLANG_WARN_DIRECT_OBJC_ISA_USAGE = YES_ERROR;
				CLANG_WARN_DOCUMENTATION_COMMENTS = YES;
				CLANG_WARN_EMPTY_BODY = YES;
				CLANG_WARN_ENUM_CONVERSION = YES;
				CLANG_WARN_INFINITE_RECURSION = YES;
				CLANG_WARN_INT_CONVERSION = YES;
				CLANG_WARN_NON_LITERAL_NULL_CONVERSION = YES;
				CLANG_WARN_OBJC_IMPLICIT_RETAIN_SELF = YES;
				CLANG_WARN_OBJC_LITERAL_CONVERSION = YES;
				CLANG_WARN_OBJC_ROOT_CLASS = YES_ERROR;
				CLANG_WARN_QUOTED_INCLUDE_IN_FRAMEWORK_HEADER = YES;
				CLANG_WARN_RANGE_LOOP_ANALYSIS = YES;
				CLANG_WARN_STRICT_PROTOTYPES = YES;
				CLANG_WARN_SUSPICIOUS_MOVE = YES;
				CLANG_WARN_UNGUARDED_AVAILABILITY = YES_AGGRESSIVE;
				CLANG_WARN_UNREACHABLE_CODE = YES;
				CLANG_WARN__DUPLICATE_METHOD_MATCH = YES;
				COPY_PHASE_STRIP = NO;
				DEBUG_INFORMATION_FORMAT = dwarf;
				ENABLE_STRICT_OBJC_MSGSEND = YES;
				ENABLE_TESTABILITY = YES;
				ENABLE_USER_SCRIPT_SANDBOXING = YES;
				GCC_C_LANGUAGE_STANDARD = gnu17;
				GCC_DYNAMIC_NO_PIC = NO;
				GCC_NO_COMMON_BLOCKS = YES;
				GCC_OPTIMIZATION_LEVEL = 0;
				GCC_PREPROCESSOR_DEFINITIONS = (
					"DEBUG=1",
					"$(inherited)",
				);
				GCC_WARN_64_TO_32_BIT_CONVERSION = YES;
				GCC_WARN_ABOUT_RETURN_TYPE = YES_ERROR;
				GCC_WARN_UNDECLARED_SELECTOR = YES;
				GCC_WARN_UNINITIALIZED_AUTOS = YES_AGGRESSIVE;
				GCC_WARN_UNUSED_FUNCTION = YES;
				GCC_WARN_UNUSED_VARIABLE = YES;
				IPHONEOS_DEPLOYMENT_TARGET = 18.0;
				LOCALIZATION_PREFERS_STRING_CATALOGS = YES;
				MTL_ENABLE_DEBUG_INFO = INCLUDE_SOURCE;
				MTL_FAST_MATH = YES;
				ONLY_ACTIVE_ARCH = YES;
				SDKROOT = iphoneos;
				SWIFT_ACTIVE_COMPILATION_CONDITIONS = "DEBUG $(inherited)";
				SWIFT_OPTIMIZATION_LEVEL = "-Onone";
			};
			name = Debug;
		};
		7A1D7E3C2E39BFC300559003 /* Release */ = {
			isa = XCBuildConfiguration;
			buildSettings = {
				ALWAYS_SEARCH_USER_PATHS = NO;
				ASSETCATALOG_COMPILER_GENERATE_SWIFT_ASSET_SYMBOL_EXTENSIONS = YES;
				CLANG_ANALYZER_NONNULL = YES;
				CLANG_ANALYZER_NUMBER_OBJECT_CONVERSION = YES_AGGRESSIVE;
				CLANG_CXX_LANGUAGE_STANDARD = "gnu++20";
				CLANG_ENABLE_MODULES = YES;
				CLANG_ENABLE_OBJC_ARC = YES;
				CLANG_ENABLE_OBJC_WEAK = YES;
				CLANG_WARN_BLOCK_CAPTURE_AUTORELEASING = YES;
				CLANG_WARN_BOOL_CONVERSION = YES;
				CLANG_WARN_COMMA = YES;
				CLANG_WARN_CONSTANT_CONVERSION = YES;
				CLANG_WARN_DEPRECATED_OBJC_IMPLEMENTATIONS = YES;
				CLANG_WARN_DIRECT_OBJC_ISA_USAGE = YES_ERROR;
				CLANG_WARN_DOCUMENTATION_COMMENTS = YES;
				CLANG_WARN_EMPTY_BODY = YES;
				CLANG_WARN_ENUM_CONVERSION = YES;
				CLANG_WARN_INFINITE_RECURSION = YES;
				CLANG_WARN_INT_CONVERSION = YES;
				CLANG_WARN_NON_LITERAL_NULL_CONVERSION = YES;
				CLANG_WARN_OBJC_IMPLICIT_RETAIN_SELF = YES;
				CLANG_WARN_OBJC_LITERAL_CONVERSION = YES;
				CLANG_WARN_OBJC_ROOT_CLASS = YES_ERROR;
				CLANG_WARN_QUOTED_INCLUDE_IN_FRAMEWORK_HEADER = YES;
				CLANG_WARN_RANGE_LOOP_ANALYSIS = YES;
				CLANG_WARN_STRICT_PROTOTYPES = YES;
				CLANG_WARN_SUSPICIOUS_MOVE = YES;
				CLANG_WARN_UNGUARDED_AVAILABILITY = YES_AGGRESSIVE;
				CLANG_WARN_UNREACHABLE_CODE = YES;
				CLANG_WARN__DUPLICATE_METHOD_MATCH = YES;
				COPY_PHASE_STRIP = NO;
				DEBUG_INFORMATION_FORMAT = "dwarf-with-dsym";
				ENABLE_NS_ASSERTIONS = NO;
				ENABLE_STRICT_OBJC_MSGSEND = YES;
				ENABLE_USER_SCRIPT_SANDBOXING = YES;
				GCC_C_LANGUAGE_STANDARD = gnu17;
				GCC_NO_COMMON_BLOCKS = YES;
				GCC_WARN_64_TO_32_BIT_CONVERSION = YES;
				GCC_WARN_ABOUT_RETURN_TYPE = YES_ERROR;
				GCC_WARN_UNDECLARED_SELECTOR = YES;
				GCC_WARN_UNINITIALIZED_AUTOS = YES_AGGRESSIVE;
				GCC_WARN_UNUSED_FUNCTION = YES;
				GCC_WARN_UNUSED_VARIABLE = YES;
				IPHONEOS_DEPLOYMENT_TARGET = 18.0;
				LOCALIZATION_PREFERS_STRING_CATALOGS = YES;
				MTL_ENABLE_DEBUG_INFO = NO;
				MTL_FAST_MATH = YES;
				SDKROOT = iphoneos;
				SWIFT_COMPILATION_MODE = wholemodule;
				VALIDATE_PRODUCT = YES;
			};
			name = Release;
		};
		7A1D7E3E2E39BFC300559003 /* Debug */ = {
			isa = XCBuildConfiguration;
			buildSettings = {
				ASSETCATALOG_COMPILER_APPICON_NAME = AppIcon;
				ASSETCATALOG_COMPILER_GLOBAL_ACCENT_COLOR_NAME = AccentColor;
				CODE_SIGN_STYLE = Automatic;
				CURRENT_PROJECT_VERSION = 1;
				DEVELOPMENT_ASSET_PATHS = "\"DailySpender/Preview Content\"";
				DEVELOPMENT_TEAM = Q4W86NN5RG;
				ENABLE_PREVIEWS = YES;
				GENERATE_INFOPLIST_FILE = YES;
				INFOPLIST_KEY_UIApplicationSceneManifest_Generation = YES;
				INFOPLIST_KEY_UIApplicationSupportsIndirectInputEvents = YES;
				INFOPLIST_KEY_UILaunchScreen_Generation = YES;
				INFOPLIST_KEY_UISupportedInterfaceOrientations_iPad = "UIInterfaceOrientationPortrait UIInterfaceOrientationPortraitUpsideDown UIInterfaceOrientationLandscapeLeft UIInterfaceOrientationLandscapeRight";
				INFOPLIST_KEY_UISupportedInterfaceOrientations_iPhone = "UIInterfaceOrientationPortrait UIInterfaceOrientationLandscapeLeft UIInterfaceOrientationLandscapeRight";
				LD_RUNPATH_SEARCH_PATHS = (
					"$(inherited)",
					"@executable_path/Frameworks",
				);
				MARKETING_VERSION = 1.0;
				PRODUCT_BUNDLE_IDENTIFIER = KhangLam.DailySpender;
				PRODUCT_NAME = "$(TARGET_NAME)";
				SWIFT_EMIT_LOC_STRINGS = YES;
				SWIFT_VERSION = 5.0;
				TARGETED_DEVICE_FAMILY = "1,2";
			};
			name = Debug;
		};
		7A1D7E3F2E39BFC300559003 /* Release */ = {
			isa = XCBuildConfiguration;
			buildSettings = {
				ASSETCATALOG_COMPILER_APPICON_NAME = AppIcon;
				ASSETCATALOG_COMPILER_GLOBAL_ACCENT_COLOR_NAME = AccentColor;
				CODE_SIGN_STYLE = Automatic;
				CURRENT_PROJECT_VERSION = 1;
				DEVELOPMENT_ASSET_PATHS = "\"DailySpender/Preview Content\"";
				DEVELOPMENT_TEAM = Q4W86NN5RG;
				ENABLE_PREVIEWS = YES;
				GENERATE_INFOPLIST_FILE = YES;
				INFOPLIST_KEY_UIApplicationSceneManifest_Generation = YES;
				INFOPLIST_KEY_UIApplicationSupportsIndirectInputEvents = YES;
				INFOPLIST_KEY_UILaunchScreen_Generation = YES;
				INFOPLIST_KEY_UISupportedInterfaceOrientations_iPad = "UIInterfaceOrientationPortrait UIInterfaceOrientationPortraitUpsideDown UIInterfaceOrientationLandscapeLeft UIInterfaceOrientationLandscapeRight";
				INFOPLIST_KEY_UISupportedInterfaceOrientations_iPhone = "UIInterfaceOrientationPortrait UIInterfaceOrientationLandscapeLeft UIInterfaceOrientationLandscapeRight";
				LD_RUNPATH_SEARCH_PATHS = (
					"$(inherited)",
					"@executable_path/Frameworks",
				);
				MARKETING_VERSION = 1.0;
				PRODUCT_BUNDLE_IDENTIFIER = KhangLam.DailySpender;
				PRODUCT_NAME = "$(TARGET_NAME)";
				SWIFT_EMIT_LOC_STRINGS = YES;
				SWIFT_VERSION = 5.0;
				TARGETED_DEVICE_FAMILY = "1,2";
			};
			name = Release;
		};
		7A1D7E412E39BFC300559003 /* Debug */ = {
			isa = XCBuildConfiguration;
			buildSettings = {
				BUNDLE_LOADER = "$(TEST_HOST)";
				CODE_SIGN_STYLE = Automatic;
				CURRENT_PROJECT_VERSION = 1;
				DEVELOPMENT_TEAM = Q4W86NN5RG;
				GENERATE_INFOPLIST_FILE = YES;
				IPHONEOS_DEPLOYMENT_TARGET = 18.0;
				MARKETING_VERSION = 1.0;
				PRODUCT_BUNDLE_IDENTIFIER = KhangLam.DailySpenderTests;
				PRODUCT_NAME = "$(TARGET_NAME)";
				SWIFT_EMIT_LOC_STRINGS = NO;
				SWIFT_VERSION = 5.0;
				TARGETED_DEVICE_FAMILY = "1,2";
				TEST_HOST = "$(BUILT_PRODUCTS_DIR)/DailySpender.app/$(BUNDLE_EXECUTABLE_FOLDER_PATH)/DailySpender";
			};
			name = Debug;
		};
		7A1D7E422E39BFC300559003 /* Release */ = {
			isa = XCBuildConfiguration;
			buildSettings = {
				BUNDLE_LOADER = "$(TEST_HOST)";
				CODE_SIGN_STYLE = Automatic;
				CURRENT_PROJECT_VERSION = 1;
				DEVELOPMENT_TEAM = Q4W86NN5RG;
				GENERATE_INFOPLIST_FILE = YES;
				IPHONEOS_DEPLOYMENT_TARGET = 18.0;
				MARKETING_VERSION = 1.0;
				PRODUCT_BUNDLE_IDENTIFIER = KhangLam.DailySpenderTests;
				PRODUCT_NAME = "$(TARGET_NAME)";
				SWIFT_EMIT_LOC_STRINGS = NO;
				SWIFT_VERSION = 5.0;
				TARGETED_DEVICE_FAMILY = "1,2";
				TEST_HOST = "$(BUILT_PRODUCTS_DIR)/DailySpender.app/$(BUNDLE_EXECUTABLE_FOLDER_PATH)/DailySpender";
			};
			name = Release;
		};
		7A1D7E442E39BFC300559003 /* Debug */ = {
			isa = XCBuildConfiguration;
			buildSettings = {
				CODE_SIGN_STYLE = Automatic;
				CURRENT_PROJECT_VERSION = 1;
				DEVELOPMENT_TEAM = Q4W86NN5RG;
				GENERATE_INFOPLIST_FILE = YES;
				MARKETING_VERSION = 1.0;
				PRODUCT_BUNDLE_IDENTIFIER = KhangLam.DailySpenderUITests;
				PRODUCT_NAME = "$(TARGET_NAME)";
				SWIFT_EMIT_LOC_STRINGS = NO;
				SWIFT_VERSION = 5.0;
				TARGETED_DEVICE_FAMILY = "1,2";
				TEST_TARGET_NAME = DailySpender;
			};
			name = Debug;
		};
		7A1D7E452E39BFC300559003 /* Release */ = {
			isa = XCBuildConfiguration;
			buildSettings = {
				CODE_SIGN_STYLE = Automatic;
				CURRENT_PROJECT_VERSION = 1;
				DEVELOPMENT_TEAM = Q4W86NN5RG;
				GENERATE_INFOPLIST_FILE = YES;
				MARKETING_VERSION = 1.0;
				PRODUCT_BUNDLE_IDENTIFIER = KhangLam.DailySpenderUITests;
				PRODUCT_NAME = "$(TARGET_NAME)";
				SWIFT_EMIT_LOC_STRINGS = NO;
				SWIFT_VERSION = 5.0;
				TARGETED_DEVICE_FAMILY = "1,2";
				TEST_TARGET_NAME = DailySpender;
			};
			name = Release;
		};
/* End XCBuildConfiguration section */

/* Begin XCConfigurationList section */
		7A1D7E142E39BFC200559003 /* Build configuration list for PBXProject "DailySpender" */ = {
			isa = XCConfigurationList;
			buildConfigurations = (
				7A1D7E3B2E39BFC300559003 /* Debug */,
				7A1D7E3C2E39BFC300559003 /* Release */,
			);
			defaultConfigurationIsVisible = 0;
			defaultConfigurationName = Release;
		};
		7A1D7E3D2E39BFC300559003 /* Build configuration list for PBXNativeTarget "DailySpender" */ = {
			isa = XCConfigurationList;
			buildConfigurations = (
				7A1D7E3E2E39BFC300559003 /* Debug */,
				7A1D7E3F2E39BFC300559003 /* Release */,
			);
			defaultConfigurationIsVisible = 0;
			defaultConfigurationName = Release;
		};
		7A1D7E402E39BFC300559003 /* Build configuration list for PBXNativeTarget "DailySpenderTests" */ = {
			isa = XCConfigurationList;
			buildConfigurations = (
				7A1D7E412E39BFC300559003 /* Debug */,
				7A1D7E422E39BFC300559003 /* Release */,
			);
			defaultConfigurationIsVisible = 0;
			defaultConfigurationName = Release;
		};
		7A1D7E432E39BFC300559003 /* Build configuration list for PBXNativeTarget "DailySpenderUITests" */ = {
			isa = XCConfigurationList;
			buildConfigurations = (
				7A1D7E442E39BFC300559003 /* Debug */,
				7A1D7E452E39BFC300559003 /* Release */,
			);
			defaultConfigurationIsVisible = 0;
			defaultConfigurationName = Release;
		};
/* End XCConfigurationList section */
	};
	rootObject = 7A1D7E112E39BFC200559003 /* Project object */;
}
